<?xml version="1.0" encoding="utf-8"?>
<Project ToolsVersion="4.0" xmlns="http://schemas.microsoft.com/developer/msbuild/2003">
  <ItemGroup>
    <Filter Include="Archivos de origen">
      <UniqueIdentifier>{4FC737F1-C7A5-4376-A066-2A32D752A2FF}</UniqueIdentifier>
      <Extensions>cpp;c;cc;cxx;c++;cppm;ixx;def;odl;idl;hpj;bat;asm;asmx</Extensions>
    </Filter>
    <Filter Include="Archivos de encabezado">
      <UniqueIdentifier>{93995380-89BD-4b04-88EB-625FBE52EBFB}</UniqueIdentifier>
      <Extensions>h;hh;hpp;hxx;h++;hm;inl;inc;ipp;xsd</Extensions>
    </Filter>
    <Filter Include="Archivos de recursos">
      <UniqueIdentifier>{67DA6AB6-F800-4c08-8B7A-83BB121AAD01}</UniqueIdentifier>
      <Extensions>rc;ico;cur;bmp;dlg;rc2;rct;bin;rgs;gif;jpg;jpeg;jpe;resx;tiff;tif;png;wav;mfcribbon-ms</Extensions>
    </Filter>
    <Filter Include="Archivos de recursos\ArchivosDesifrados">
      <UniqueIdentifier>{3d3e9783-b6ce-45e5-b30c-7534f9724553}</UniqueIdentifier>
    </Filter>
    <Filter Include="Archivos de recursos\ArchivosCifrados">
      <UniqueIdentifier>{ac812d3c-8868-4045-a068-e893cb6939b7}</UniqueIdentifier>
    </Filter>
    <Filter Include="Archivos de recursos\Archivos">
      <UniqueIdentifier>{511d2632-d830-4381-9b9d-a4c7fdc755d7}</UniqueIdentifier>
    </Filter>
  </ItemGroup>
  <ItemGroup>
    <ClCompile Include="Encriptador.cpp">
      <Filter>Archivos de origen</Filter>
    </ClCompile>
    <ClCompile Include="main.cpp">
      <Filter>Archivos de origen</Filter>
    </ClCompile>
  </ItemGroup>
  <ItemGroup>
    <ClInclude Include="Encriptador.h">
      <Filter>Archivos de encabezado</Filter>
    </ClInclude>
  </ItemGroup>
  <ItemGroup>
    <Text Include="Archivo01.txt">
      <Filter>Archivos de recursos\Archivos</Filter>
    </Text>
    <Text Include="Salida01.txt">
      <Filter>Archivos de recursos\ArchivosDesifrados</Filter>
    </Text>
  </ItemGroup>
  <ItemGroup>
    <None Include="Encriptado01.enc">
      <Filter>Archivos de recursos\ArchivosCifrados</Filter>
    </None>
  </ItemGroup>
</Project>