<?xml version="1.0" encoding="utf-8"?>
<Project ToolsVersion="4.0" xmlns="http://schemas.microsoft.com/developer/msbuild/2003">
  <ItemGroup>
    <Filter Include="Archivos de origen">
      <UniqueIdentifier>{4FC737F1-C7A5-4376-A066-2A32D752A2FF}</UniqueIdentifier>
      <Extensions>cpp;c;cc;cxx;c++;cppm;ixx;def;odl;idl;hpj;bat;asm;asmx</Extensions>
    </Filter>
    <Filter Include="Archivos de encabezado">
      <UniqueIdentifier>{93995380-89BD-4b04-88EB-625FBE52EBFB}</UniqueIdentifier>
      <Extensions>h;hh;hpp;hxx;h++;hm;inl;inc;ipp;xsd</Extensions>
    </Filter>
    <Filter Include="Archivos de recursos">
      <UniqueIdentifier>{67DA6AB6-F800-4c08-8B7A-83BB121AAD01}</UniqueIdentifier>
      <Extensions>rc;ico;cur;bmp;dlg;rc2;rct;bin;rgs;gif;jpg;jpeg;jpe;resx;tiff;tif;png;wav;mfcribbon-ms</Extensions>
    </Filter>
    <Filter Include="Archivos de recursos\Entradas">
      <UniqueIdentifier>{9af61167-6673-4157-b394-f20c2cf54181}</UniqueIdentifier>
    </Filter>
    <Filter Include="Archivos de recursos\Salidas">
      <UniqueIdentifier>{39b00f93-3adb-427d-825c-b31c6f2bd682}</UniqueIdentifier>
    </Filter>
    <Filter Include="Archivos de recursos\Comprimidos">
      <UniqueIdentifier>{ccc06c4f-b5b6-4105-b9f9-8312889aa0f2}</UniqueIdentifier>
    </Filter>
  </ItemGroup>
  <ItemGroup>
    <ClCompile Include="main.cpp">
      <Filter>Archivos de origen</Filter>
    </ClCompile>
  </ItemGroup>
  <ItemGroup>
    <Text Include="Entrada.txt">
      <Filter>Archivos de recursos\Entradas</Filter>
    </Text>
    <Text Include="Salida.txt">
      <Filter>Archivos de recursos\Salidas</Filter>
    </Text>
    <Text Include="Salida2mp3.txt">
      <Filter>Archivos de recursos\Salidas</Filter>
    </Text>
    <Text Include="SalidaMP4.txt">
      <Filter>Archivos de recursos\Salidas</Filter>
    </Text>
    <Text Include="SalidaJPG.txt">
      <Filter>Archivos de recursos\Salidas</Filter>
    </Text>
    <Text Include="SalidaEXE.txt">
      <Filter>Archivos de recursos\Salidas</Filter>
    </Text>
    <Text Include="SalidaRAR.txt">
      <Filter>Archivos de recursos\Salidas</Filter>
    </Text>
    <Text Include="Nuevo.txt">
      <Filter>Archivos de recursos\Entradas</Filter>
    </Text>
  </ItemGroup>
  <ItemGroup>
    <Image Include="Entrada.bmp">
      <Filter>Archivos de recursos\Entradas</Filter>
    </Image>
    <Image Include="Comprimido.jpg">
      <Filter>Archivos de recursos\Comprimidos</Filter>
    </Image>
    <Image Include="SalidaZIP.bmp">
      <Filter>Archivos de recursos\Salidas</Filter>
    </Image>
    <Image Include="SalidaEXE.bmp">
      <Filter>Archivos de recursos\Salidas</Filter>
    </Image>
    <Image Include="ComprimidoBMP.jpg">
      <Filter>Archivos de recursos\Comprimidos</Filter>
    </Image>
    <Image Include="SalidaJPG.bmp">
      <Filter>Archivos de recursos\Salidas</Filter>
    </Image>
    <Image Include="SalidaMP3.bmp">
      <Filter>Archivos de recursos\Salidas</Filter>
    </Image>
    <Image Include="SalidaMP4.bmp">
      <Filter>Archivos de recursos\Salidas</Filter>
    </Image>
  </ItemGroup>
  <ItemGroup>
    <None Include="Comprimido.exe">
      <Filter>Archivos de recursos\Comprimidos</Filter>
    </None>
    <None Include="Comprimido.zip">
      <Filter>Archivos de recursos\Comprimidos</Filter>
    </None>
    <None Include="ComprimidoBMP.zip">
      <Filter>Archivos de recursos\Comprimidos</Filter>
    </None>
    <None Include="LOL.exe">
      <Filter>Archivos de recursos\Comprimidos</Filter>
    </None>
    <None Include="ComprimidoBMP.exe">
      <Filter>Archivos de recursos\Comprimidos</Filter>
    </None>
    <None Include="ComprimidoTXT.rar">
      <Filter>Archivos de recursos\Comprimidos</Filter>
    </None>
    <None Include="ComprimirNuevo.rar">
      <Filter>Archivos de recursos\Comprimidos</Filter>
    </None>
    <None Include="PruebaPDF.pdf">
      <Filter>Archivos de recursos\Entradas</Filter>
    </None>
    <None Include="ComprimidoPDF.rar">
      <Filter>Archivos de recursos\Comprimidos</Filter>
    </None>
    <None Include="ComprimidoPDF.zip">
      <Filter>Archivos de recursos\Comprimidos</Filter>
    </None>
    <None Include="SalidaZIP.pdf">
      <Filter>Archivos de recursos\Salidas</Filter>
    </None>
  </ItemGroup>
  <ItemGroup>
    <Media Include="ComprimidoTXT.mp4">
      <Filter>Archivos de recursos\Comprimidos</Filter>
    </Media>
    <Media Include="Salida.mp3">
      <Filter>Archivos de recursos\Comprimidos</Filter>
    </Media>
    <Media Include="ComprimidoBMP.mp3">
      <Filter>Archivos de recursos\Comprimidos</Filter>
    </Media>
    <Media Include="ComprimidoBMP.mp4">
      <Filter>Archivos de recursos\Comprimidos</Filter>
    </Media>
  </ItemGroup>
</Project>